
Microsoft Visual Studio Solution File, Format Version 12.00
# Visual Studio Version 17
VisualStudioVersion = 17.10.35122.118
MinimumVisualStudioVersion = 10.0.40219.1
Project("{FAE04EC0-301F-11D3-BF4B-00C04F79EFBC}") = "CalculaDespesas", "CalculaDespesas\CalculaDespesas.csproj", "{CF469E17-4656-4DD4-B1B3-1B77806BCF98}"
EndProject
Global
	GlobalSection(SolutionConfigurationPlatforms) = preSolution
		Debug|Any CPU = Debug|Any CPU
		Release|Any CPU = Release|Any CPU
	EndGlobalSection
	GlobalSection(ProjectConfigurationPlatforms) = postSolution
		{CF469E17-4656-4DD4-B1B3-1B77806BCF98}.Debug|Any CPU.ActiveCfg = Debug|Any CPU
		{CF469E17-4656-4DD4-B1B3-1B77806BCF98}.Debug|Any CPU.Build.0 = Debug|Any CPU
		{CF469E17-4656-4DD4-B1B3-1B77806BCF98}.Release|Any CPU.ActiveCfg = Release|Any CPU
		{CF469E17-4656-4DD4-B1B3-1B77806BCF98}.Release|Any CPU.Build.0 = Release|Any CPU
	EndGlobalSection
	GlobalSection(SolutionProperties) = preSolution
		HideSolutionNode = FALSE
	EndGlobalSection
	GlobalSection(ExtensibilityGlobals) = postSolution
		SolutionGuid = {7EB6DDC2-6474-4ACC-8113-A7C12681F167}
	EndGlobalSection
EndGlobal
